dependencies:
- name: postgresql
  repository: https://charts.bitnami.com/bitnami
  version: 15.5.38
- name: keycloak
  repository: https://charts.bitnami.com/bitnami
  version: 21.8.0
- name: minio
  repository: https://charts.bitnami.com/bitnami
  version: 14.10.5
- name: mnemoshare
  repository: https://mnemoshare.github.io/helm-charts
  version: 1.5.0
digest: sha256:bccca5b8aa97da6e80f1c0ac9272c72f140e70bba4d5bcb340127f7208b779d3
generated: "2026-01-06T14:33:55.341915-06:00"
