dependencies:
- name: postgresql
  repository: https://charts.bitnami.com/bitnami
  version: 15.5.38
- name: minio
  repository: https://charts.min.io/
  version: 5.2.0
- name: mnemoshare
  repository: https://mnemoshare.github.io/helm-charts
  version: 1.11.5
digest: sha256:476119e75b4ba8b4928c27705dfaa0622507f3eca47fc0379568a52db106c521
generated: "2026-02-15T20:03:25.200386-06:00"
